
Microsoft Visual Studio Solution File, Format Version 12.00
# Visual Studio Version 16
VisualStudioVersion = 16.0.31729.503
MinimumVisualStudioVersion = 10.0.40219.1
Project("{8BC9CEB8-8B4A-11D0-8D11-00A0C91BC942}") = "CAN_Analyzer", "CAN_Analyzer.vcxproj", "{40E78AAA-892E-4ADF-8EF7-B474EC270923}"
EndProject
Global
	GlobalSection(SolutionConfigurationPlatforms) = preSolution
		Debug|x64 = Debug|x64
		Debug|x86 = Debug|x86
		Release|x64 = Release|x64
		Release|x86 = Release|x86
	EndGlobalSection
	GlobalSection(ProjectConfigurationPlatforms) = postSolution
		{40E78AAA-892E-4ADF-8EF7-B474EC270923}.Debug|x64.ActiveCfg = Debug|x64
		{40E78AAA-892E-4ADF-8EF7-B474EC270923}.Debug|x64.Build.0 = Debug|x64
		{40E78AAA-892E-4ADF-8EF7-B474EC270923}.Debug|x86.ActiveCfg = Debug|Win32
		{40E78AAA-892E-4ADF-8EF7-B474EC270923}.Debug|x86.Build.0 = Debug|Win32
		{40E78AAA-892E-4ADF-8EF7-B474EC270923}.Release|x64.ActiveCfg = Release|x64
		{40E78AAA-892E-4ADF-8EF7-B474EC270923}.Release|x64.Build.0 = Release|x64
		{40E78AAA-892E-4ADF-8EF7-B474EC270923}.Release|x86.ActiveCfg = Release|Win32
		{40E78AAA-892E-4ADF-8EF7-B474EC270923}.Release|x86.Build.0 = Release|Win32
	EndGlobalSection
	GlobalSection(SolutionProperties) = preSolution
		HideSolutionNode = FALSE
	EndGlobalSection
	GlobalSection(ExtensibilityGlobals) = postSolution
		SolutionGuid = {CD969887-B3CE-4D57-98A3-5EBFC7AD32B0}
	EndGlobalSection
EndGlobal
